# THIS IS AN AUTOGENERATED FILE. DO NOT EDIT THIS FILE DIRECTLY.
# yarn lockfile v1


gridlex@^2.7.1:
  version "2.7.1"
  resolved "https://registry.yarnpkg.com/gridlex/-/gridlex-2.7.1.tgz#ff562762dc8fc7e59bee2163afaa116859961ef7"
  integrity sha512-LnBGyAzX3GNYG/I7Vp2sQRo8EaI3IzOn8a8j2AjrsZUS0kClKImJAuluwu75H+31/PwWvaBlUGNpd+qDflb/QA==
